
Microsoft Visual Studio Solution File, Format Version 12.00
# Visual Studio 2012
Project("{FAE04EC0-301F-11D3-BF4B-00C04F79EFBC}") = "Umbraco.Site", "Merchello.UkFest.Demo\Umbraco.Site.csproj", "{3835B8E8-128F-4ED4-9ABF-DB6857A68753}"
EndProject
Project("{FAE04EC0-301F-11D3-BF4B-00C04F79EFBC}") = "Merchello.UkFest.Demo.Tests", "Merchello.UkFest.Demo.Tests\Merchello.UkFest.Demo.Tests.csproj", "{CCF5F3E1-0E92-4913-93DA-B72E8AC918FA}"
EndProject
Project("{E24C65DC-7377-472B-9ABA-BC803B73C61A}") = "http://theme.merchello.ukfest.local", "http://theme.merchello.ukfest.local", "{97FED16C-5331-4188-B3CA-12271615CAAB}"
	ProjectSection(WebsiteProperties) = preProject
		UseIISExpress = "false"
		TargetFrameworkMoniker = ".NETFramework,Version%3Dv4.0"
		Debug.AspNetCompiler.VirtualPath = "/theme.merchello.ukfest.local"
		Debug.AspNetCompiler.PhysicalPath = "theme\"
		Debug.AspNetCompiler.TargetPath = "PrecompiledWeb\theme.merchello.ukfest.local\"
		Debug.AspNetCompiler.Updateable = "true"
		Debug.AspNetCompiler.ForceOverwrite = "true"
		Debug.AspNetCompiler.FixedNames = "false"
		Debug.AspNetCompiler.Debug = "True"
		Release.AspNetCompiler.VirtualPath = "/theme.merchello.ukfest.local"
		Release.AspNetCompiler.PhysicalPath = "theme\"
		Release.AspNetCompiler.TargetPath = "PrecompiledWeb\theme.merchello.ukfest.local\"
		Release.AspNetCompiler.Updateable = "true"
		Release.AspNetCompiler.ForceOverwrite = "true"
		Release.AspNetCompiler.FixedNames = "false"
		Release.AspNetCompiler.Debug = "False"
		SlnRelativePath = "theme\"
	EndProjectSection
EndProject
Global
	GlobalSection(SolutionConfigurationPlatforms) = preSolution
		Debug|Any CPU = Debug|Any CPU
		Release|Any CPU = Release|Any CPU
	EndGlobalSection
	GlobalSection(ProjectConfigurationPlatforms) = postSolution
		{3835B8E8-128F-4ED4-9ABF-DB6857A68753}.Debug|Any CPU.ActiveCfg = Debug|Any CPU
		{3835B8E8-128F-4ED4-9ABF-DB6857A68753}.Debug|Any CPU.Build.0 = Debug|Any CPU
		{3835B8E8-128F-4ED4-9ABF-DB6857A68753}.Release|Any CPU.ActiveCfg = Release|Any CPU
		{3835B8E8-128F-4ED4-9ABF-DB6857A68753}.Release|Any CPU.Build.0 = Release|Any CPU
		{CCF5F3E1-0E92-4913-93DA-B72E8AC918FA}.Debug|Any CPU.ActiveCfg = Debug|Any CPU
		{CCF5F3E1-0E92-4913-93DA-B72E8AC918FA}.Debug|Any CPU.Build.0 = Debug|Any CPU
		{CCF5F3E1-0E92-4913-93DA-B72E8AC918FA}.Release|Any CPU.ActiveCfg = Release|Any CPU
		{CCF5F3E1-0E92-4913-93DA-B72E8AC918FA}.Release|Any CPU.Build.0 = Release|Any CPU
		{97FED16C-5331-4188-B3CA-12271615CAAB}.Debug|Any CPU.ActiveCfg = Debug|Any CPU
		{97FED16C-5331-4188-B3CA-12271615CAAB}.Debug|Any CPU.Build.0 = Debug|Any CPU
		{97FED16C-5331-4188-B3CA-12271615CAAB}.Release|Any CPU.ActiveCfg = Debug|Any CPU
		{97FED16C-5331-4188-B3CA-12271615CAAB}.Release|Any CPU.Build.0 = Debug|Any CPU
	EndGlobalSection
	GlobalSection(SolutionProperties) = preSolution
		HideSolutionNode = FALSE
	EndGlobalSection
EndGlobal
